
Microsoft Visual Studio Solution File, Format Version 12.00
# Visual Studio Version 16
VisualStudioVersion = 16.0.30804.86
MinimumVisualStudioVersion = 10.0.40219.1
Project("{9A19103F-16F7-4668-BE54-9A1E7A4F7556}") = "FootballBetting", "FootballBetting\FootballBetting.csproj", "{329102D2-DE2E-41C3-BA13-77D047533E67}"
EndProject
Project("{9A19103F-16F7-4668-BE54-9A1E7A4F7556}") = "P03_FootballBetting.Data.Models", "FootballBetting.Data.Models\P03_FootballBetting.Data.Models.csproj", "{C53C52CC-32EB-459A-B0F8-43C184797013}"
EndProject
Project("{9A19103F-16F7-4668-BE54-9A1E7A4F7556}") = "P03_FootballBetting.Data", "P03_FootballBetting.Data\P03_FootballBetting.Data.csproj", "{A46AC0E8-6EBE-4AFA-835F-12A11FA27AA8}"
EndProject
Global
	GlobalSection(SolutionConfigurationPlatforms) = preSolution
		Debug|Any CPU = Debug|Any CPU
		Release|Any CPU = Release|Any CPU
	EndGlobalSection
	GlobalSection(ProjectConfigurationPlatforms) = postSolution
		{329102D2-DE2E-41C3-BA13-77D047533E67}.Debug|Any CPU.ActiveCfg = Debug|Any CPU
		{329102D2-DE2E-41C3-BA13-77D047533E67}.Debug|Any CPU.Build.0 = Debug|Any CPU
		{329102D2-DE2E-41C3-BA13-77D047533E67}.Release|Any CPU.ActiveCfg = Release|Any CPU
		{329102D2-DE2E-41C3-BA13-77D047533E67}.Release|Any CPU.Build.0 = Release|Any CPU
		{C53C52CC-32EB-459A-B0F8-43C184797013}.Debug|Any CPU.ActiveCfg = Debug|Any CPU
		{C53C52CC-32EB-459A-B0F8-43C184797013}.Debug|Any CPU.Build.0 = Debug|Any CPU
		{C53C52CC-32EB-459A-B0F8-43C184797013}.Release|Any CPU.ActiveCfg = Release|Any CPU
		{C53C52CC-32EB-459A-B0F8-43C184797013}.Release|Any CPU.Build.0 = Release|Any CPU
		{A46AC0E8-6EBE-4AFA-835F-12A11FA27AA8}.Debug|Any CPU.ActiveCfg = Debug|Any CPU
		{A46AC0E8-6EBE-4AFA-835F-12A11FA27AA8}.Debug|Any CPU.Build.0 = Debug|Any CPU
		{A46AC0E8-6EBE-4AFA-835F-12A11FA27AA8}.Release|Any CPU.ActiveCfg = Release|Any CPU
		{A46AC0E8-6EBE-4AFA-835F-12A11FA27AA8}.Release|Any CPU.Build.0 = Release|Any CPU
	EndGlobalSection
	GlobalSection(SolutionProperties) = preSolution
		HideSolutionNode = FALSE
	EndGlobalSection
	GlobalSection(ExtensibilityGlobals) = postSolution
		SolutionGuid = {5A5FF61E-CA23-404E-B9BC-366FBD420559}
	EndGlobalSection
EndGlobal
