
Microsoft Visual Studio Solution File, Format Version 12.00
# Visual Studio Version 16
VisualStudioVersion = 16.0.30804.86
MinimumVisualStudioVersion = 10.0.40219.1
Project("{9A19103F-16F7-4668-BE54-9A1E7A4F7556}") = "VehiclesNew", "VehiclesNew\VehiclesNew.csproj", "{85FF5AF4-EB91-4F37-BC0E-E62531F7E89E}"
EndProject
Project("{9A19103F-16F7-4668-BE54-9A1E7A4F7556}") = "Raiding", "Raiding\Raiding.csproj", "{3B46714D-3E24-4FDA-88D5-AE5B70FAFB01}"
EndProject
Project("{FAE04EC0-301F-11D3-BF4B-00C04F79EFBC}") = "WildFarm", "WildFarm\WildFarm.csproj", "{2F9157C2-B8B3-41F4-87E7-03DD3C73C1B2}"
EndProject
Global
	GlobalSection(SolutionConfigurationPlatforms) = preSolution
		Debug|Any CPU = Debug|Any CPU
		Release|Any CPU = Release|Any CPU
	EndGlobalSection
	GlobalSection(ProjectConfigurationPlatforms) = postSolution
		{85FF5AF4-EB91-4F37-BC0E-E62531F7E89E}.Debug|Any CPU.ActiveCfg = Debug|Any CPU
		{85FF5AF4-EB91-4F37-BC0E-E62531F7E89E}.Debug|Any CPU.Build.0 = Debug|Any CPU
		{85FF5AF4-EB91-4F37-BC0E-E62531F7E89E}.Release|Any CPU.ActiveCfg = Release|Any CPU
		{85FF5AF4-EB91-4F37-BC0E-E62531F7E89E}.Release|Any CPU.Build.0 = Release|Any CPU
		{3B46714D-3E24-4FDA-88D5-AE5B70FAFB01}.Debug|Any CPU.ActiveCfg = Debug|Any CPU
		{3B46714D-3E24-4FDA-88D5-AE5B70FAFB01}.Debug|Any CPU.Build.0 = Debug|Any CPU
		{3B46714D-3E24-4FDA-88D5-AE5B70FAFB01}.Release|Any CPU.ActiveCfg = Release|Any CPU
		{3B46714D-3E24-4FDA-88D5-AE5B70FAFB01}.Release|Any CPU.Build.0 = Release|Any CPU
		{2F9157C2-B8B3-41F4-87E7-03DD3C73C1B2}.Debug|Any CPU.ActiveCfg = Debug|Any CPU
		{2F9157C2-B8B3-41F4-87E7-03DD3C73C1B2}.Debug|Any CPU.Build.0 = Debug|Any CPU
		{2F9157C2-B8B3-41F4-87E7-03DD3C73C1B2}.Release|Any CPU.ActiveCfg = Release|Any CPU
		{2F9157C2-B8B3-41F4-87E7-03DD3C73C1B2}.Release|Any CPU.Build.0 = Release|Any CPU
	EndGlobalSection
	GlobalSection(SolutionProperties) = preSolution
		HideSolutionNode = FALSE
	EndGlobalSection
	GlobalSection(ExtensibilityGlobals) = postSolution
		SolutionGuid = {A3D192BC-40A2-46FA-86F9-566EA0162151}
	EndGlobalSection
EndGlobal
