
Microsoft Visual Studio Solution File, Format Version 12.00
# Visual Studio Version 16
VisualStudioVersion = 16.0.30804.86
MinimumVisualStudioVersion = 10.0.40219.1
Project("{FAE04EC0-301F-11D3-BF4B-00C04F79EFBC}") = "MultipleImplementation", "DefineInterfaceIPerson\MultipleImplementation.csproj", "{21DD6083-FE17-4FB8-88A0-B3B11E697191}"
EndProject
Project("{FAE04EC0-301F-11D3-BF4B-00C04F79EFBC}") = "Telephony", "Telephony\Telephony.csproj", "{94F6D2AF-7D88-4C1B-9046-3CFBD3AB76B6}"
EndProject
Project("{FAE04EC0-301F-11D3-BF4B-00C04F79EFBC}") = "FoodShortage", "BorderControl\FoodShortage.csproj", "{0389462A-F2BA-41CB-AB28-A63ADEF2B4F4}"
EndProject
Global
	GlobalSection(SolutionConfigurationPlatforms) = preSolution
		Debug|Any CPU = Debug|Any CPU
		Release|Any CPU = Release|Any CPU
	EndGlobalSection
	GlobalSection(ProjectConfigurationPlatforms) = postSolution
		{21DD6083-FE17-4FB8-88A0-B3B11E697191}.Debug|Any CPU.ActiveCfg = Debug|Any CPU
		{21DD6083-FE17-4FB8-88A0-B3B11E697191}.Debug|Any CPU.Build.0 = Debug|Any CPU
		{21DD6083-FE17-4FB8-88A0-B3B11E697191}.Release|Any CPU.ActiveCfg = Release|Any CPU
		{21DD6083-FE17-4FB8-88A0-B3B11E697191}.Release|Any CPU.Build.0 = Release|Any CPU
		{94F6D2AF-7D88-4C1B-9046-3CFBD3AB76B6}.Debug|Any CPU.ActiveCfg = Debug|Any CPU
		{94F6D2AF-7D88-4C1B-9046-3CFBD3AB76B6}.Debug|Any CPU.Build.0 = Debug|Any CPU
		{94F6D2AF-7D88-4C1B-9046-3CFBD3AB76B6}.Release|Any CPU.ActiveCfg = Release|Any CPU
		{94F6D2AF-7D88-4C1B-9046-3CFBD3AB76B6}.Release|Any CPU.Build.0 = Release|Any CPU
		{0389462A-F2BA-41CB-AB28-A63ADEF2B4F4}.Debug|Any CPU.ActiveCfg = Debug|Any CPU
		{0389462A-F2BA-41CB-AB28-A63ADEF2B4F4}.Debug|Any CPU.Build.0 = Debug|Any CPU
		{0389462A-F2BA-41CB-AB28-A63ADEF2B4F4}.Release|Any CPU.ActiveCfg = Release|Any CPU
		{0389462A-F2BA-41CB-AB28-A63ADEF2B4F4}.Release|Any CPU.Build.0 = Release|Any CPU
	EndGlobalSection
	GlobalSection(SolutionProperties) = preSolution
		HideSolutionNode = FALSE
	EndGlobalSection
	GlobalSection(ExtensibilityGlobals) = postSolution
		SolutionGuid = {DAAFACB3-CC92-45F8-A295-5EA8BFD03902}
	EndGlobalSection
EndGlobal
