
Microsoft Visual Studio Solution File, Format Version 12.00
# Visual Studio Version 16
VisualStudioVersion = 16.0.30804.86
MinimumVisualStudioVersion = 10.0.40219.1
Project("{9A19103F-16F7-4668-BE54-9A1E7A4F7556}") = "AnimalFarm", "AnimalFarm\AnimalFarm.csproj", "{9F3A2AD9-BD29-4728-B2DE-DF94C86E5B2B}"
EndProject
Project("{FAE04EC0-301F-11D3-BF4B-00C04F79EFBC}") = "ClassBoxData", "ClassBoxData\ClassBoxData.csproj", "{C800BF90-D9F0-4211-B217-45BF1D591600}"
EndProject
Project("{FAE04EC0-301F-11D3-BF4B-00C04F79EFBC}") = "ShoppingSpree", "ShoppingSpree\ShoppingSpree.csproj", "{46997E15-6510-452A-9ACE-EFFEF115FC9A}"
EndProject
Project("{FAE04EC0-301F-11D3-BF4B-00C04F79EFBC}") = "PizzaCalories", "PizzaCalories\PizzaCalories.csproj", "{319F37EA-10A6-4AFA-8724-8562CAE74C79}"
EndProject
Global
	GlobalSection(SolutionConfigurationPlatforms) = preSolution
		Debug|Any CPU = Debug|Any CPU
		Release|Any CPU = Release|Any CPU
	EndGlobalSection
	GlobalSection(ProjectConfigurationPlatforms) = postSolution
		{9F3A2AD9-BD29-4728-B2DE-DF94C86E5B2B}.Debug|Any CPU.ActiveCfg = Debug|Any CPU
		{9F3A2AD9-BD29-4728-B2DE-DF94C86E5B2B}.Debug|Any CPU.Build.0 = Debug|Any CPU
		{9F3A2AD9-BD29-4728-B2DE-DF94C86E5B2B}.Release|Any CPU.ActiveCfg = Release|Any CPU
		{9F3A2AD9-BD29-4728-B2DE-DF94C86E5B2B}.Release|Any CPU.Build.0 = Release|Any CPU
		{C800BF90-D9F0-4211-B217-45BF1D591600}.Debug|Any CPU.ActiveCfg = Debug|Any CPU
		{C800BF90-D9F0-4211-B217-45BF1D591600}.Debug|Any CPU.Build.0 = Debug|Any CPU
		{C800BF90-D9F0-4211-B217-45BF1D591600}.Release|Any CPU.ActiveCfg = Release|Any CPU
		{C800BF90-D9F0-4211-B217-45BF1D591600}.Release|Any CPU.Build.0 = Release|Any CPU
		{46997E15-6510-452A-9ACE-EFFEF115FC9A}.Debug|Any CPU.ActiveCfg = Debug|Any CPU
		{46997E15-6510-452A-9ACE-EFFEF115FC9A}.Debug|Any CPU.Build.0 = Debug|Any CPU
		{46997E15-6510-452A-9ACE-EFFEF115FC9A}.Release|Any CPU.ActiveCfg = Release|Any CPU
		{46997E15-6510-452A-9ACE-EFFEF115FC9A}.Release|Any CPU.Build.0 = Release|Any CPU
		{319F37EA-10A6-4AFA-8724-8562CAE74C79}.Debug|Any CPU.ActiveCfg = Debug|Any CPU
		{319F37EA-10A6-4AFA-8724-8562CAE74C79}.Debug|Any CPU.Build.0 = Debug|Any CPU
		{319F37EA-10A6-4AFA-8724-8562CAE74C79}.Release|Any CPU.ActiveCfg = Release|Any CPU
		{319F37EA-10A6-4AFA-8724-8562CAE74C79}.Release|Any CPU.Build.0 = Release|Any CPU
	EndGlobalSection
	GlobalSection(SolutionProperties) = preSolution
		HideSolutionNode = FALSE
	EndGlobalSection
	GlobalSection(ExtensibilityGlobals) = postSolution
		SolutionGuid = {16C6B5F8-9855-4B2E-9C91-D9E4C8A8FC04}
	EndGlobalSection
EndGlobal
