
Microsoft Visual Studio Solution File, Format Version 12.00
# Visual Studio Version 16
VisualStudioVersion = 16.0.30804.86
MinimumVisualStudioVersion = 10.0.40219.1
Project("{9A19103F-16F7-4668-BE54-9A1E7A4F7556}") = "Clock", "Clock\Clock.csproj", "{6DC3B6FF-44BA-411B-B01D-B45BB375F431}"
EndProject
Project("{9A19103F-16F7-4668-BE54-9A1E7A4F7556}") = "MultiplicationTable", "MultiplicationTable\MultiplicationTable.csproj", "{124F3B42-C485-47BB-9D6A-234029A91427}"
EndProject
Project("{9A19103F-16F7-4668-BE54-9A1E7A4F7556}") = "Combinations", "Combinations\Combinations.csproj", "{EB5F533E-3435-4DFB-A74E-7F3A8F7806EE}"
EndProject
Project("{9A19103F-16F7-4668-BE54-9A1E7A4F7556}") = "SumOfTwoNumbers", "SumOfTwoNumbers\SumOfTwoNumbers.csproj", "{FFC641A1-732A-4A34-8C5C-2E1423941B54}"
EndProject
Project("{9A19103F-16F7-4668-BE54-9A1E7A4F7556}") = "Travelling", "Travelling\Travelling.csproj", "{6CA70475-CB81-4A4C-A36E-10B4942CF2B8}"
EndProject
Project("{FAE04EC0-301F-11D3-BF4B-00C04F79EFBC}") = "Building", "Building\Building.csproj", "{6887F11D-B23F-45F0-92AB-971AB95FD64B}"
EndProject
Project("{FAE04EC0-301F-11D3-BF4B-00C04F79EFBC}") = "CinemaTickets", "CinemaTickets\CinemaTickets.csproj", "{7E4D13E8-29C3-4E5F-BB62-C96195A8E117}"
EndProject
Global
	GlobalSection(SolutionConfigurationPlatforms) = preSolution
		Debug|Any CPU = Debug|Any CPU
		Release|Any CPU = Release|Any CPU
	EndGlobalSection
	GlobalSection(ProjectConfigurationPlatforms) = postSolution
		{6DC3B6FF-44BA-411B-B01D-B45BB375F431}.Debug|Any CPU.ActiveCfg = Debug|Any CPU
		{6DC3B6FF-44BA-411B-B01D-B45BB375F431}.Debug|Any CPU.Build.0 = Debug|Any CPU
		{6DC3B6FF-44BA-411B-B01D-B45BB375F431}.Release|Any CPU.ActiveCfg = Release|Any CPU
		{6DC3B6FF-44BA-411B-B01D-B45BB375F431}.Release|Any CPU.Build.0 = Release|Any CPU
		{124F3B42-C485-47BB-9D6A-234029A91427}.Debug|Any CPU.ActiveCfg = Debug|Any CPU
		{124F3B42-C485-47BB-9D6A-234029A91427}.Debug|Any CPU.Build.0 = Debug|Any CPU
		{124F3B42-C485-47BB-9D6A-234029A91427}.Release|Any CPU.ActiveCfg = Release|Any CPU
		{124F3B42-C485-47BB-9D6A-234029A91427}.Release|Any CPU.Build.0 = Release|Any CPU
		{EB5F533E-3435-4DFB-A74E-7F3A8F7806EE}.Debug|Any CPU.ActiveCfg = Debug|Any CPU
		{EB5F533E-3435-4DFB-A74E-7F3A8F7806EE}.Debug|Any CPU.Build.0 = Debug|Any CPU
		{EB5F533E-3435-4DFB-A74E-7F3A8F7806EE}.Release|Any CPU.ActiveCfg = Release|Any CPU
		{EB5F533E-3435-4DFB-A74E-7F3A8F7806EE}.Release|Any CPU.Build.0 = Release|Any CPU
		{FFC641A1-732A-4A34-8C5C-2E1423941B54}.Debug|Any CPU.ActiveCfg = Debug|Any CPU
		{FFC641A1-732A-4A34-8C5C-2E1423941B54}.Debug|Any CPU.Build.0 = Debug|Any CPU
		{FFC641A1-732A-4A34-8C5C-2E1423941B54}.Release|Any CPU.ActiveCfg = Release|Any CPU
		{FFC641A1-732A-4A34-8C5C-2E1423941B54}.Release|Any CPU.Build.0 = Release|Any CPU
		{6CA70475-CB81-4A4C-A36E-10B4942CF2B8}.Debug|Any CPU.ActiveCfg = Debug|Any CPU
		{6CA70475-CB81-4A4C-A36E-10B4942CF2B8}.Debug|Any CPU.Build.0 = Debug|Any CPU
		{6CA70475-CB81-4A4C-A36E-10B4942CF2B8}.Release|Any CPU.ActiveCfg = Release|Any CPU
		{6CA70475-CB81-4A4C-A36E-10B4942CF2B8}.Release|Any CPU.Build.0 = Release|Any CPU
		{6887F11D-B23F-45F0-92AB-971AB95FD64B}.Debug|Any CPU.ActiveCfg = Debug|Any CPU
		{6887F11D-B23F-45F0-92AB-971AB95FD64B}.Debug|Any CPU.Build.0 = Debug|Any CPU
		{6887F11D-B23F-45F0-92AB-971AB95FD64B}.Release|Any CPU.ActiveCfg = Release|Any CPU
		{6887F11D-B23F-45F0-92AB-971AB95FD64B}.Release|Any CPU.Build.0 = Release|Any CPU
		{7E4D13E8-29C3-4E5F-BB62-C96195A8E117}.Debug|Any CPU.ActiveCfg = Debug|Any CPU
		{7E4D13E8-29C3-4E5F-BB62-C96195A8E117}.Debug|Any CPU.Build.0 = Debug|Any CPU
		{7E4D13E8-29C3-4E5F-BB62-C96195A8E117}.Release|Any CPU.ActiveCfg = Release|Any CPU
		{7E4D13E8-29C3-4E5F-BB62-C96195A8E117}.Release|Any CPU.Build.0 = Release|Any CPU
	EndGlobalSection
	GlobalSection(SolutionProperties) = preSolution
		HideSolutionNode = FALSE
	EndGlobalSection
	GlobalSection(ExtensibilityGlobals) = postSolution
		SolutionGuid = {4DE82BF2-3B12-49F4-AADB-B5A4810EC019}
	EndGlobalSection
EndGlobal
