
Microsoft Visual Studio Solution File, Format Version 12.00
# Visual Studio Version 16
VisualStudioVersion = 16.0.30804.86
MinimumVisualStudioVersion = 10.0.40219.1
Project("{9A19103F-16F7-4668-BE54-9A1E7A4F7556}") = "NumbersEndingIn7", "NumbersEndingIn7\NumbersEndingIn7.csproj", "{C3E15800-D8CF-45A7-8AA3-6325531D1F76}"
EndProject
Project("{9A19103F-16F7-4668-BE54-9A1E7A4F7556}") = "HalfSumElement", "HalfSumElement\HalfSumElement.csproj", "{A95F8C5A-B078-4D33-991B-932D2AACD85F}"
EndProject
Project("{9A19103F-16F7-4668-BE54-9A1E7A4F7556}") = "OddEvenPosition", "OddEvenPosition\OddEvenPosition.csproj", "{5D255F39-AE58-4E59-8D4E-919D7A8673C2}"
EndProject
Project("{9A19103F-16F7-4668-BE54-9A1E7A4F7556}") = "Histogram", "Histogram\Histogram.csproj", "{A9852802-1843-4BA0-B089-C9FE6522DD45}"
EndProject
Project("{FAE04EC0-301F-11D3-BF4B-00C04F79EFBC}") = "DivideWithoutRemainder", "DivideWithoutRemainder\DivideWithoutRemainder.csproj", "{17E2A47F-0FE8-4BB5-9C4A-F1032A22EDB4}"
EndProject
Project("{FAE04EC0-301F-11D3-BF4B-00C04F79EFBC}") = "Salary", "Salary\Salary.csproj", "{64A2CCA9-640C-4149-9E6E-B9011CCED684}"
EndProject
Global
	GlobalSection(SolutionConfigurationPlatforms) = preSolution
		Debug|Any CPU = Debug|Any CPU
		Release|Any CPU = Release|Any CPU
	EndGlobalSection
	GlobalSection(ProjectConfigurationPlatforms) = postSolution
		{C3E15800-D8CF-45A7-8AA3-6325531D1F76}.Debug|Any CPU.ActiveCfg = Debug|Any CPU
		{C3E15800-D8CF-45A7-8AA3-6325531D1F76}.Debug|Any CPU.Build.0 = Debug|Any CPU
		{C3E15800-D8CF-45A7-8AA3-6325531D1F76}.Release|Any CPU.ActiveCfg = Release|Any CPU
		{C3E15800-D8CF-45A7-8AA3-6325531D1F76}.Release|Any CPU.Build.0 = Release|Any CPU
		{A95F8C5A-B078-4D33-991B-932D2AACD85F}.Debug|Any CPU.ActiveCfg = Debug|Any CPU
		{A95F8C5A-B078-4D33-991B-932D2AACD85F}.Debug|Any CPU.Build.0 = Debug|Any CPU
		{A95F8C5A-B078-4D33-991B-932D2AACD85F}.Release|Any CPU.ActiveCfg = Release|Any CPU
		{A95F8C5A-B078-4D33-991B-932D2AACD85F}.Release|Any CPU.Build.0 = Release|Any CPU
		{5D255F39-AE58-4E59-8D4E-919D7A8673C2}.Debug|Any CPU.ActiveCfg = Debug|Any CPU
		{5D255F39-AE58-4E59-8D4E-919D7A8673C2}.Debug|Any CPU.Build.0 = Debug|Any CPU
		{5D255F39-AE58-4E59-8D4E-919D7A8673C2}.Release|Any CPU.ActiveCfg = Release|Any CPU
		{5D255F39-AE58-4E59-8D4E-919D7A8673C2}.Release|Any CPU.Build.0 = Release|Any CPU
		{A9852802-1843-4BA0-B089-C9FE6522DD45}.Debug|Any CPU.ActiveCfg = Debug|Any CPU
		{A9852802-1843-4BA0-B089-C9FE6522DD45}.Debug|Any CPU.Build.0 = Debug|Any CPU
		{A9852802-1843-4BA0-B089-C9FE6522DD45}.Release|Any CPU.ActiveCfg = Release|Any CPU
		{A9852802-1843-4BA0-B089-C9FE6522DD45}.Release|Any CPU.Build.0 = Release|Any CPU
		{17E2A47F-0FE8-4BB5-9C4A-F1032A22EDB4}.Debug|Any CPU.ActiveCfg = Debug|Any CPU
		{17E2A47F-0FE8-4BB5-9C4A-F1032A22EDB4}.Debug|Any CPU.Build.0 = Debug|Any CPU
		{17E2A47F-0FE8-4BB5-9C4A-F1032A22EDB4}.Release|Any CPU.ActiveCfg = Release|Any CPU
		{17E2A47F-0FE8-4BB5-9C4A-F1032A22EDB4}.Release|Any CPU.Build.0 = Release|Any CPU
		{64A2CCA9-640C-4149-9E6E-B9011CCED684}.Debug|Any CPU.ActiveCfg = Debug|Any CPU
		{64A2CCA9-640C-4149-9E6E-B9011CCED684}.Debug|Any CPU.Build.0 = Debug|Any CPU
		{64A2CCA9-640C-4149-9E6E-B9011CCED684}.Release|Any CPU.ActiveCfg = Release|Any CPU
		{64A2CCA9-640C-4149-9E6E-B9011CCED684}.Release|Any CPU.Build.0 = Release|Any CPU
	EndGlobalSection
	GlobalSection(SolutionProperties) = preSolution
		HideSolutionNode = FALSE
	EndGlobalSection
	GlobalSection(ExtensibilityGlobals) = postSolution
		SolutionGuid = {1AE13689-F4DC-4E06-990C-383FFAA6FAAD}
	EndGlobalSection
EndGlobal
