
Microsoft Visual Studio Solution File, Format Version 12.00
# Visual Studio Version 16
VisualStudioVersion = 16.0.30804.86
MinimumVisualStudioVersion = 10.0.40219.1
Project("{FAE04EC0-301F-11D3-BF4B-00C04F79EFBC}") = "MatchFullName", "MatchFullName\MatchFullName.csproj", "{D5244C3F-3BA1-4AAA-9908-2D0E7662B608}"
EndProject
Project("{FAE04EC0-301F-11D3-BF4B-00C04F79EFBC}") = "MatchPhoneNumber", "MatchPhoneNumber\MatchPhoneNumber.csproj", "{66E0195A-E35D-4E1A-A94E-0AC152C510D0}"
EndProject
Project("{FAE04EC0-301F-11D3-BF4B-00C04F79EFBC}") = "MatchDates", "MatchDates\MatchDates.csproj", "{4B3B5C65-8939-4767-8E4F-59800969F8AA}"
EndProject
Global
	GlobalSection(SolutionConfigurationPlatforms) = preSolution
		Debug|Any CPU = Debug|Any CPU
		Release|Any CPU = Release|Any CPU
	EndGlobalSection
	GlobalSection(ProjectConfigurationPlatforms) = postSolution
		{D5244C3F-3BA1-4AAA-9908-2D0E7662B608}.Debug|Any CPU.ActiveCfg = Debug|Any CPU
		{D5244C3F-3BA1-4AAA-9908-2D0E7662B608}.Debug|Any CPU.Build.0 = Debug|Any CPU
		{D5244C3F-3BA1-4AAA-9908-2D0E7662B608}.Release|Any CPU.ActiveCfg = Release|Any CPU
		{D5244C3F-3BA1-4AAA-9908-2D0E7662B608}.Release|Any CPU.Build.0 = Release|Any CPU
		{66E0195A-E35D-4E1A-A94E-0AC152C510D0}.Debug|Any CPU.ActiveCfg = Debug|Any CPU
		{66E0195A-E35D-4E1A-A94E-0AC152C510D0}.Debug|Any CPU.Build.0 = Debug|Any CPU
		{66E0195A-E35D-4E1A-A94E-0AC152C510D0}.Release|Any CPU.ActiveCfg = Release|Any CPU
		{66E0195A-E35D-4E1A-A94E-0AC152C510D0}.Release|Any CPU.Build.0 = Release|Any CPU
		{4B3B5C65-8939-4767-8E4F-59800969F8AA}.Debug|Any CPU.ActiveCfg = Debug|Any CPU
		{4B3B5C65-8939-4767-8E4F-59800969F8AA}.Debug|Any CPU.Build.0 = Debug|Any CPU
		{4B3B5C65-8939-4767-8E4F-59800969F8AA}.Release|Any CPU.ActiveCfg = Release|Any CPU
		{4B3B5C65-8939-4767-8E4F-59800969F8AA}.Release|Any CPU.Build.0 = Release|Any CPU
	EndGlobalSection
	GlobalSection(SolutionProperties) = preSolution
		HideSolutionNode = FALSE
	EndGlobalSection
	GlobalSection(ExtensibilityGlobals) = postSolution
		SolutionGuid = {E5E8EBE3-D3F6-460E-AE44-3E6C413047EF}
	EndGlobalSection
EndGlobal
