
Microsoft Visual Studio Solution File, Format Version 12.00
# Visual Studio Version 16
VisualStudioVersion = 16.0.30804.86
MinimumVisualStudioVersion = 10.0.40219.1
Project("{FAE04EC0-301F-11D3-BF4B-00C04F79EFBC}") = "FirstProblem", "FirstProblem\FirstProblem.csproj", "{6DB9AFA6-1B86-4D6C-8DA3-8031CC110300}"
EndProject
Project("{FAE04EC0-301F-11D3-BF4B-00C04F79EFBC}") = "PawnWars", "PawnWars\PawnWars.csproj", "{A50129E6-4A50-4968-BE14-C3BB0692E227}"
EndProject
Project("{FAE04EC0-301F-11D3-BF4B-00C04F79EFBC}") = "ConsoleApp1", "ConsoleApp1\ConsoleApp1.csproj", "{2C444694-FEAA-4353-A3FB-99CE386B3F33}"
EndProject
Global
	GlobalSection(SolutionConfigurationPlatforms) = preSolution
		Debug|Any CPU = Debug|Any CPU
		Release|Any CPU = Release|Any CPU
	EndGlobalSection
	GlobalSection(ProjectConfigurationPlatforms) = postSolution
		{6DB9AFA6-1B86-4D6C-8DA3-8031CC110300}.Debug|Any CPU.ActiveCfg = Debug|Any CPU
		{6DB9AFA6-1B86-4D6C-8DA3-8031CC110300}.Debug|Any CPU.Build.0 = Debug|Any CPU
		{6DB9AFA6-1B86-4D6C-8DA3-8031CC110300}.Release|Any CPU.ActiveCfg = Release|Any CPU
		{6DB9AFA6-1B86-4D6C-8DA3-8031CC110300}.Release|Any CPU.Build.0 = Release|Any CPU
		{A50129E6-4A50-4968-BE14-C3BB0692E227}.Debug|Any CPU.ActiveCfg = Debug|Any CPU
		{A50129E6-4A50-4968-BE14-C3BB0692E227}.Debug|Any CPU.Build.0 = Debug|Any CPU
		{A50129E6-4A50-4968-BE14-C3BB0692E227}.Release|Any CPU.ActiveCfg = Release|Any CPU
		{A50129E6-4A50-4968-BE14-C3BB0692E227}.Release|Any CPU.Build.0 = Release|Any CPU
		{2C444694-FEAA-4353-A3FB-99CE386B3F33}.Debug|Any CPU.ActiveCfg = Debug|Any CPU
		{2C444694-FEAA-4353-A3FB-99CE386B3F33}.Debug|Any CPU.Build.0 = Debug|Any CPU
		{2C444694-FEAA-4353-A3FB-99CE386B3F33}.Release|Any CPU.ActiveCfg = Release|Any CPU
		{2C444694-FEAA-4353-A3FB-99CE386B3F33}.Release|Any CPU.Build.0 = Release|Any CPU
	EndGlobalSection
	GlobalSection(SolutionProperties) = preSolution
		HideSolutionNode = FALSE
	EndGlobalSection
	GlobalSection(ExtensibilityGlobals) = postSolution
		SolutionGuid = {FCDE6F8D-F530-4EF9-B768-B288E7AFD315}
	EndGlobalSection
EndGlobal
