
Microsoft Visual Studio Solution File, Format Version 12.00
# Visual Studio Version 16
VisualStudioVersion = 16.0.30804.86
MinimumVisualStudioVersion = 10.0.40219.1
Project("{9A19103F-16F7-4668-BE54-9A1E7A4F7556}") = "RoomPainting", "RoomPainting\RoomPainting.csproj", "{EA1B9307-6645-40FF-A07C-7CC371C31731}"
EndProject
Project("{9A19103F-16F7-4668-BE54-9A1E7A4F7556}") = "SpaceShip", "SpaceShip\SpaceShip.csproj", "{D4D97884-EC6B-43DA-97A5-6ABD9BAF425F}"
EndProject
Project("{9A19103F-16F7-4668-BE54-9A1E7A4F7556}") = "CompRoom", "CompRoom\CompRoom.csproj", "{FD985A7C-8433-417D-878A-387FA0FFB25E}"
EndProject
Project("{9A19103F-16F7-4668-BE54-9A1E7A4F7556}") = "SantaGifts", "SantaGifts\SantaGifts.csproj", "{33AB3E13-0F4B-4E09-BC8B-85FAC2E4CD4B}"
EndProject
Project("{9A19103F-16F7-4668-BE54-9A1E7A4F7556}") = "PuppyCare", "PuppyCare\PuppyCare.csproj", "{6BA7C1D2-8BCC-4C19-9362-2A700E51763C}"
EndProject
Project("{FAE04EC0-301F-11D3-BF4B-00C04F79EFBC}") = "GoldMine", "GoldMine\GoldMine.csproj", "{7FFB22F3-B94A-40E2-86AA-9EB7BF11A25B}"
EndProject
Project("{FAE04EC0-301F-11D3-BF4B-00C04F79EFBC}") = "Tes", "Tes\Tes.csproj", "{1D1A109D-94E0-40D9-A428-278CC2490109}"
EndProject
Global
	GlobalSection(SolutionConfigurationPlatforms) = preSolution
		Debug|Any CPU = Debug|Any CPU
		Release|Any CPU = Release|Any CPU
	EndGlobalSection
	GlobalSection(ProjectConfigurationPlatforms) = postSolution
		{EA1B9307-6645-40FF-A07C-7CC371C31731}.Debug|Any CPU.ActiveCfg = Debug|Any CPU
		{EA1B9307-6645-40FF-A07C-7CC371C31731}.Debug|Any CPU.Build.0 = Debug|Any CPU
		{EA1B9307-6645-40FF-A07C-7CC371C31731}.Release|Any CPU.ActiveCfg = Release|Any CPU
		{EA1B9307-6645-40FF-A07C-7CC371C31731}.Release|Any CPU.Build.0 = Release|Any CPU
		{D4D97884-EC6B-43DA-97A5-6ABD9BAF425F}.Debug|Any CPU.ActiveCfg = Debug|Any CPU
		{D4D97884-EC6B-43DA-97A5-6ABD9BAF425F}.Debug|Any CPU.Build.0 = Debug|Any CPU
		{D4D97884-EC6B-43DA-97A5-6ABD9BAF425F}.Release|Any CPU.ActiveCfg = Release|Any CPU
		{D4D97884-EC6B-43DA-97A5-6ABD9BAF425F}.Release|Any CPU.Build.0 = Release|Any CPU
		{FD985A7C-8433-417D-878A-387FA0FFB25E}.Debug|Any CPU.ActiveCfg = Debug|Any CPU
		{FD985A7C-8433-417D-878A-387FA0FFB25E}.Debug|Any CPU.Build.0 = Debug|Any CPU
		{FD985A7C-8433-417D-878A-387FA0FFB25E}.Release|Any CPU.ActiveCfg = Release|Any CPU
		{FD985A7C-8433-417D-878A-387FA0FFB25E}.Release|Any CPU.Build.0 = Release|Any CPU
		{33AB3E13-0F4B-4E09-BC8B-85FAC2E4CD4B}.Debug|Any CPU.ActiveCfg = Debug|Any CPU
		{33AB3E13-0F4B-4E09-BC8B-85FAC2E4CD4B}.Debug|Any CPU.Build.0 = Debug|Any CPU
		{33AB3E13-0F4B-4E09-BC8B-85FAC2E4CD4B}.Release|Any CPU.ActiveCfg = Release|Any CPU
		{33AB3E13-0F4B-4E09-BC8B-85FAC2E4CD4B}.Release|Any CPU.Build.0 = Release|Any CPU
		{6BA7C1D2-8BCC-4C19-9362-2A700E51763C}.Debug|Any CPU.ActiveCfg = Debug|Any CPU
		{6BA7C1D2-8BCC-4C19-9362-2A700E51763C}.Debug|Any CPU.Build.0 = Debug|Any CPU
		{6BA7C1D2-8BCC-4C19-9362-2A700E51763C}.Release|Any CPU.ActiveCfg = Release|Any CPU
		{6BA7C1D2-8BCC-4C19-9362-2A700E51763C}.Release|Any CPU.Build.0 = Release|Any CPU
		{7FFB22F3-B94A-40E2-86AA-9EB7BF11A25B}.Debug|Any CPU.ActiveCfg = Debug|Any CPU
		{7FFB22F3-B94A-40E2-86AA-9EB7BF11A25B}.Debug|Any CPU.Build.0 = Debug|Any CPU
		{7FFB22F3-B94A-40E2-86AA-9EB7BF11A25B}.Release|Any CPU.ActiveCfg = Release|Any CPU
		{7FFB22F3-B94A-40E2-86AA-9EB7BF11A25B}.Release|Any CPU.Build.0 = Release|Any CPU
		{1D1A109D-94E0-40D9-A428-278CC2490109}.Debug|Any CPU.ActiveCfg = Debug|Any CPU
		{1D1A109D-94E0-40D9-A428-278CC2490109}.Debug|Any CPU.Build.0 = Debug|Any CPU
		{1D1A109D-94E0-40D9-A428-278CC2490109}.Release|Any CPU.ActiveCfg = Release|Any CPU
		{1D1A109D-94E0-40D9-A428-278CC2490109}.Release|Any CPU.Build.0 = Release|Any CPU
	EndGlobalSection
	GlobalSection(SolutionProperties) = preSolution
		HideSolutionNode = FALSE
	EndGlobalSection
	GlobalSection(ExtensibilityGlobals) = postSolution
		SolutionGuid = {340B65C2-A33F-4ED6-BF59-725AFA495B7A}
	EndGlobalSection
EndGlobal
