
Microsoft Visual Studio Solution File, Format Version 12.00
# Visual Studio Version 16
VisualStudioVersion = 16.0.30804.86
MinimumVisualStudioVersion = 10.0.40219.1
Project("{FAE04EC0-301F-11D3-BF4B-00C04F79EFBC}") = "WarmWinter", "WarmWinter\WarmWinter.csproj", "{77BB6D49-FBA1-4AD9-A02E-0602FC416829}"
EndProject
Project("{FAE04EC0-301F-11D3-BF4B-00C04F79EFBC}") = "SuperMario", "SuperMario\SuperMario.csproj", "{64D17A53-6EA0-49F0-8F6E-84AB177913D4}"
EndProject
Global
	GlobalSection(SolutionConfigurationPlatforms) = preSolution
		Debug|Any CPU = Debug|Any CPU
		Release|Any CPU = Release|Any CPU
	EndGlobalSection
	GlobalSection(ProjectConfigurationPlatforms) = postSolution
		{77BB6D49-FBA1-4AD9-A02E-0602FC416829}.Debug|Any CPU.ActiveCfg = Debug|Any CPU
		{77BB6D49-FBA1-4AD9-A02E-0602FC416829}.Debug|Any CPU.Build.0 = Debug|Any CPU
		{77BB6D49-FBA1-4AD9-A02E-0602FC416829}.Release|Any CPU.ActiveCfg = Release|Any CPU
		{77BB6D49-FBA1-4AD9-A02E-0602FC416829}.Release|Any CPU.Build.0 = Release|Any CPU
		{64D17A53-6EA0-49F0-8F6E-84AB177913D4}.Debug|Any CPU.ActiveCfg = Debug|Any CPU
		{64D17A53-6EA0-49F0-8F6E-84AB177913D4}.Debug|Any CPU.Build.0 = Debug|Any CPU
		{64D17A53-6EA0-49F0-8F6E-84AB177913D4}.Release|Any CPU.ActiveCfg = Release|Any CPU
		{64D17A53-6EA0-49F0-8F6E-84AB177913D4}.Release|Any CPU.Build.0 = Release|Any CPU
	EndGlobalSection
	GlobalSection(SolutionProperties) = preSolution
		HideSolutionNode = FALSE
	EndGlobalSection
	GlobalSection(ExtensibilityGlobals) = postSolution
		SolutionGuid = {00D38BF0-C580-4EF1-8D96-613DF035667F}
	EndGlobalSection
EndGlobal
