
Microsoft Visual Studio Solution File, Format Version 12.00
# Visual Studio Version 16
VisualStudioVersion = 16.0.30804.86
MinimumVisualStudioVersion = 10.0.40219.1
Project("{FAE04EC0-301F-11D3-BF4B-00C04F79EFBC}") = "DataTypes", "DataTypes\DataTypes.csproj", "{796C1847-3D86-438E-8217-5323CAB22273}"
EndProject
Project("{FAE04EC0-301F-11D3-BF4B-00C04F79EFBC}") = "CenterPoint", "CenterPoint\CenterPoint.csproj", "{11A0F2E8-9AD8-415E-8C5C-BE13A4C9BBCF}"
EndProject
Project("{FAE04EC0-301F-11D3-BF4B-00C04F79EFBC}") = "LongerLine", "LongerLine\LongerLine.csproj", "{0F7E785E-AC3D-414C-A7E3-8030A0047B21}"
EndProject
Project("{FAE04EC0-301F-11D3-BF4B-00C04F79EFBC}") = "TribonacciSequence", "TribonacciSequence\TribonacciSequence.csproj", "{961AD474-5423-41F1-9F49-43CC342E9AD0}"
EndProject
Project("{FAE04EC0-301F-11D3-BF4B-00C04F79EFBC}") = "MultiplicationSign", "MultiplicationSign\MultiplicationSign.csproj", "{FFA0C495-8005-4A76-82E8-38FAA486096D}"
EndProject
Global
	GlobalSection(SolutionConfigurationPlatforms) = preSolution
		Debug|Any CPU = Debug|Any CPU
		Release|Any CPU = Release|Any CPU
	EndGlobalSection
	GlobalSection(ProjectConfigurationPlatforms) = postSolution
		{796C1847-3D86-438E-8217-5323CAB22273}.Debug|Any CPU.ActiveCfg = Debug|Any CPU
		{796C1847-3D86-438E-8217-5323CAB22273}.Debug|Any CPU.Build.0 = Debug|Any CPU
		{796C1847-3D86-438E-8217-5323CAB22273}.Release|Any CPU.ActiveCfg = Release|Any CPU
		{796C1847-3D86-438E-8217-5323CAB22273}.Release|Any CPU.Build.0 = Release|Any CPU
		{11A0F2E8-9AD8-415E-8C5C-BE13A4C9BBCF}.Debug|Any CPU.ActiveCfg = Debug|Any CPU
		{11A0F2E8-9AD8-415E-8C5C-BE13A4C9BBCF}.Debug|Any CPU.Build.0 = Debug|Any CPU
		{11A0F2E8-9AD8-415E-8C5C-BE13A4C9BBCF}.Release|Any CPU.ActiveCfg = Release|Any CPU
		{11A0F2E8-9AD8-415E-8C5C-BE13A4C9BBCF}.Release|Any CPU.Build.0 = Release|Any CPU
		{0F7E785E-AC3D-414C-A7E3-8030A0047B21}.Debug|Any CPU.ActiveCfg = Debug|Any CPU
		{0F7E785E-AC3D-414C-A7E3-8030A0047B21}.Debug|Any CPU.Build.0 = Debug|Any CPU
		{0F7E785E-AC3D-414C-A7E3-8030A0047B21}.Release|Any CPU.ActiveCfg = Release|Any CPU
		{0F7E785E-AC3D-414C-A7E3-8030A0047B21}.Release|Any CPU.Build.0 = Release|Any CPU
		{961AD474-5423-41F1-9F49-43CC342E9AD0}.Debug|Any CPU.ActiveCfg = Debug|Any CPU
		{961AD474-5423-41F1-9F49-43CC342E9AD0}.Debug|Any CPU.Build.0 = Debug|Any CPU
		{961AD474-5423-41F1-9F49-43CC342E9AD0}.Release|Any CPU.ActiveCfg = Release|Any CPU
		{961AD474-5423-41F1-9F49-43CC342E9AD0}.Release|Any CPU.Build.0 = Release|Any CPU
		{FFA0C495-8005-4A76-82E8-38FAA486096D}.Debug|Any CPU.ActiveCfg = Debug|Any CPU
		{FFA0C495-8005-4A76-82E8-38FAA486096D}.Debug|Any CPU.Build.0 = Debug|Any CPU
		{FFA0C495-8005-4A76-82E8-38FAA486096D}.Release|Any CPU.ActiveCfg = Release|Any CPU
		{FFA0C495-8005-4A76-82E8-38FAA486096D}.Release|Any CPU.Build.0 = Release|Any CPU
	EndGlobalSection
	GlobalSection(SolutionProperties) = preSolution
		HideSolutionNode = FALSE
	EndGlobalSection
	GlobalSection(ExtensibilityGlobals) = postSolution
		SolutionGuid = {43285BB6-3929-4C49-B267-BF9779126DD5}
	EndGlobalSection
EndGlobal
